
Microsoft Visual Studio Solution File, Format Version 12.00
# Visual Studio Version 16
VisualStudioVersion = 16.0.31410.357
MinimumVisualStudioVersion = 10.0.40219.1
Project("{FAE04EC0-301F-11D3-BF4B-00C04F79EFBC}") = "Convert_Tool", "Convert_Tool\Convert_Tool.csproj", "{C5703F1F-1361-4CD8-907C-2C73449EE3BF}"
EndProject
Global
	GlobalSection(SolutionConfigurationPlatforms) = preSolution
		Debug|Any CPU = Debug|Any CPU
		Release|Any CPU = Release|Any CPU
	EndGlobalSection
	GlobalSection(ProjectConfigurationPlatforms) = postSolution
		{C5703F1F-1361-4CD8-907C-2C73449EE3BF}.Debug|Any CPU.ActiveCfg = Debug|Any CPU
		{C5703F1F-1361-4CD8-907C-2C73449EE3BF}.Debug|Any CPU.Build.0 = Debug|Any CPU
		{C5703F1F-1361-4CD8-907C-2C73449EE3BF}.Release|Any CPU.ActiveCfg = Release|Any CPU
		{C5703F1F-1361-4CD8-907C-2C73449EE3BF}.Release|Any CPU.Build.0 = Release|Any CPU
	EndGlobalSection
	GlobalSection(SolutionProperties) = preSolution
		HideSolutionNode = FALSE
	EndGlobalSection
	GlobalSection(ExtensibilityGlobals) = postSolution
		SolutionGuid = {EB43B886-B086-4658-A960-4CD2903B9287}
	EndGlobalSection
EndGlobal
